<?xml version="1.0" encoding="utf-8"?>
<Project ToolsVersion="17.0" xmlns="http://schemas.microsoft.com/developer/msbuild/2003">
  <ItemGroup>
    <ClCompile Include="D:\Project\rwkv.cpp\ggml\src\ggml.c">
      <Filter>Source Files</Filter>
    </ClCompile>
    <ClCompile Include="D:\Project\rwkv.cpp\ggml\src\ggml-alloc.c">
      <Filter>Source Files</Filter>
    </ClCompile>
  </ItemGroup>
  <ItemGroup>
    <ClInclude Include="D:\Project\rwkv.cpp\ggml\include\ggml\ggml.h">
      <Filter>Header Files</Filter>
    </ClInclude>
    <ClInclude Include="D:\Project\rwkv.cpp\ggml\include\ggml\ggml-alloc.h">
      <Filter>Header Files</Filter>
    </ClInclude>
  </ItemGroup>
  <ItemGroup>
    <CustomBuild Include="D:\Project\rwkv.cpp\CMakeLists.txt" />
  </ItemGroup>
  <ItemGroup>
    <Filter Include="Header Files">
      <UniqueIdentifier>{EB602566-1AE1-399A-B78D-E8176FDD188E}</UniqueIdentifier>
    </Filter>
    <Filter Include="Source Files">
      <UniqueIdentifier>{7FF95746-9B5F-3274-83E6-E33339058C85}</UniqueIdentifier>
    </Filter>
  </ItemGroup>
</Project>
