
Microsoft Visual Studio Solution File, Format Version 12.00
# Visual Studio Version 17
Project("{8BC9CEB8-8B4A-11D0-8D11-00A0C91BC942}") = "ALL_BUILD", "ALL_BUILD.vcxproj", "{8ADD2A0A-8E3B-3107-86A0-C68B623A5ABD}"
	ProjectSection(ProjectDependencies) = postProject
		{9380AF33-4755-3B63-AB75-031B141AF3F6} = {9380AF33-4755-3B63-AB75-031B141AF3F6}
		{2BA1BCFF-4E54-3FD0-A0BA-D65D0FED134E} = {2BA1BCFF-4E54-3FD0-A0BA-D65D0FED134E}
		{A569A23D-46E2-3884-ACD8-CA0AF11090CC} = {A569A23D-46E2-3884-ACD8-CA0AF11090CC}
		{4F94EFDD-35D6-31A8-85E7-84F9CA7576A0} = {4F94EFDD-35D6-31A8-85E7-84F9CA7576A0}
		{3ABBF419-2E46-3F80-A35C-27BDC3FB44D5} = {3ABBF419-2E46-3F80-A35C-27BDC3FB44D5}
		{F18BDC07-080C-3459-91BF-D31E18A422E5} = {F18BDC07-080C-3459-91BF-D31E18A422E5}
		{E88D10D0-9903-31AE-9FDE-6484CD299D5D} = {E88D10D0-9903-31AE-9FDE-6484CD299D5D}
		{F58BAB3F-B87D-3922-8C86-117E819726B8} = {F58BAB3F-B87D-3922-8C86-117E819726B8}
		{B009C4C3-D420-3A21-BD50-95177D1F68AD} = {B009C4C3-D420-3A21-BD50-95177D1F68AD}
		{33E84553-93EE-3C7C-9C5B-5CE79330690E} = {33E84553-93EE-3C7C-9C5B-5CE79330690E}
		{9D74EF4E-47B7-3ED7-9177-223B36A05A3D} = {9D74EF4E-47B7-3ED7-9177-223B36A05A3D}
		{20B7296D-0C2B-3545-AB5A-DD10CCB9477E} = {20B7296D-0C2B-3545-AB5A-DD10CCB9477E}
	EndProjectSection
EndProject
Project("{8BC9CEB8-8B4A-11D0-8D11-00A0C91BC942}") = "RUN_TESTS", "RUN_TESTS.vcxproj", "{C587CC73-5119-367E-B341-2C7C8A4FB13D}"
	ProjectSection(ProjectDependencies) = postProject
		{9380AF33-4755-3B63-AB75-031B141AF3F6} = {9380AF33-4755-3B63-AB75-031B141AF3F6}
	EndProjectSection
EndProject
Project("{8BC9CEB8-8B4A-11D0-8D11-00A0C91BC942}") = "ZERO_CHECK", "ZERO_CHECK.vcxproj", "{9380AF33-4755-3B63-AB75-031B141AF3F6}"
	ProjectSection(ProjectDependencies) = postProject
	EndProjectSection
EndProject
Project("{8BC9CEB8-8B4A-11D0-8D11-00A0C91BC942}") = "ggml", "ggml.vcxproj", "{2BA1BCFF-4E54-3FD0-A0BA-D65D0FED134E}"
	ProjectSection(ProjectDependencies) = postProject
		{9380AF33-4755-3B63-AB75-031B141AF3F6} = {9380AF33-4755-3B63-AB75-031B141AF3F6}
	EndProjectSection
EndProject
Project("{8BC9CEB8-8B4A-11D0-8D11-00A0C91BC942}") = "rwkv", "rwkv.vcxproj", "{A569A23D-46E2-3884-ACD8-CA0AF11090CC}"
	ProjectSection(ProjectDependencies) = postProject
		{9380AF33-4755-3B63-AB75-031B141AF3F6} = {9380AF33-4755-3B63-AB75-031B141AF3F6}
		{2BA1BCFF-4E54-3FD0-A0BA-D65D0FED134E} = {2BA1BCFF-4E54-3FD0-A0BA-D65D0FED134E}
	EndProjectSection
EndProject
Project("{8BC9CEB8-8B4A-11D0-8D11-00A0C91BC942}") = "rwkv_cpu_info", "extras\rwkv_cpu_info.vcxproj", "{4F94EFDD-35D6-31A8-85E7-84F9CA7576A0}"
	ProjectSection(ProjectDependencies) = postProject
		{9380AF33-4755-3B63-AB75-031B141AF3F6} = {9380AF33-4755-3B63-AB75-031B141AF3F6}
		{2BA1BCFF-4E54-3FD0-A0BA-D65D0FED134E} = {2BA1BCFF-4E54-3FD0-A0BA-D65D0FED134E}
		{A569A23D-46E2-3884-ACD8-CA0AF11090CC} = {A569A23D-46E2-3884-ACD8-CA0AF11090CC}
	EndProjectSection
EndProject
Project("{8BC9CEB8-8B4A-11D0-8D11-00A0C91BC942}") = "rwkv_quantize", "extras\rwkv_quantize.vcxproj", "{3ABBF419-2E46-3F80-A35C-27BDC3FB44D5}"
	ProjectSection(ProjectDependencies) = postProject
		{9380AF33-4755-3B63-AB75-031B141AF3F6} = {9380AF33-4755-3B63-AB75-031B141AF3F6}
		{2BA1BCFF-4E54-3FD0-A0BA-D65D0FED134E} = {2BA1BCFF-4E54-3FD0-A0BA-D65D0FED134E}
		{A569A23D-46E2-3884-ACD8-CA0AF11090CC} = {A569A23D-46E2-3884-ACD8-CA0AF11090CC}
	EndProjectSection
EndProject
Project("{8BC9CEB8-8B4A-11D0-8D11-00A0C91BC942}") = "test_context_cloning", "tests\test_context_cloning.vcxproj", "{F18BDC07-080C-3459-91BF-D31E18A422E5}"
	ProjectSection(ProjectDependencies) = postProject
		{9380AF33-4755-3B63-AB75-031B141AF3F6} = {9380AF33-4755-3B63-AB75-031B141AF3F6}
		{2BA1BCFF-4E54-3FD0-A0BA-D65D0FED134E} = {2BA1BCFF-4E54-3FD0-A0BA-D65D0FED134E}
		{A569A23D-46E2-3884-ACD8-CA0AF11090CC} = {A569A23D-46E2-3884-ACD8-CA0AF11090CC}
	EndProjectSection
EndProject
Project("{8BC9CEB8-8B4A-11D0-8D11-00A0C91BC942}") = "test_eval_sequence_in_chunks", "tests\test_eval_sequence_in_chunks.vcxproj", "{E88D10D0-9903-31AE-9FDE-6484CD299D5D}"
	ProjectSection(ProjectDependencies) = postProject
		{9380AF33-4755-3B63-AB75-031B141AF3F6} = {9380AF33-4755-3B63-AB75-031B141AF3F6}
		{2BA1BCFF-4E54-3FD0-A0BA-D65D0FED134E} = {2BA1BCFF-4E54-3FD0-A0BA-D65D0FED134E}
		{A569A23D-46E2-3884-ACD8-CA0AF11090CC} = {A569A23D-46E2-3884-ACD8-CA0AF11090CC}
	EndProjectSection
EndProject
Project("{8BC9CEB8-8B4A-11D0-8D11-00A0C91BC942}") = "test_ggml_basics", "tests\test_ggml_basics.vcxproj", "{F58BAB3F-B87D-3922-8C86-117E819726B8}"
	ProjectSection(ProjectDependencies) = postProject
		{9380AF33-4755-3B63-AB75-031B141AF3F6} = {9380AF33-4755-3B63-AB75-031B141AF3F6}
		{2BA1BCFF-4E54-3FD0-A0BA-D65D0FED134E} = {2BA1BCFF-4E54-3FD0-A0BA-D65D0FED134E}
		{A569A23D-46E2-3884-ACD8-CA0AF11090CC} = {A569A23D-46E2-3884-ACD8-CA0AF11090CC}
	EndProjectSection
EndProject
Project("{8BC9CEB8-8B4A-11D0-8D11-00A0C91BC942}") = "test_logit_calculation_skipping", "tests\test_logit_calculation_skipping.vcxproj", "{B009C4C3-D420-3A21-BD50-95177D1F68AD}"
	ProjectSection(ProjectDependencies) = postProject
		{9380AF33-4755-3B63-AB75-031B141AF3F6} = {9380AF33-4755-3B63-AB75-031B141AF3F6}
		{2BA1BCFF-4E54-3FD0-A0BA-D65D0FED134E} = {2BA1BCFF-4E54-3FD0-A0BA-D65D0FED134E}
		{A569A23D-46E2-3884-ACD8-CA0AF11090CC} = {A569A23D-46E2-3884-ACD8-CA0AF11090CC}
	EndProjectSection
EndProject
Project("{8BC9CEB8-8B4A-11D0-8D11-00A0C91BC942}") = "test_quantization_format_compatibility", "tests\test_quantization_format_compatibility.vcxproj", "{33E84553-93EE-3C7C-9C5B-5CE79330690E}"
	ProjectSection(ProjectDependencies) = postProject
		{9380AF33-4755-3B63-AB75-031B141AF3F6} = {9380AF33-4755-3B63-AB75-031B141AF3F6}
		{2BA1BCFF-4E54-3FD0-A0BA-D65D0FED134E} = {2BA1BCFF-4E54-3FD0-A0BA-D65D0FED134E}
		{A569A23D-46E2-3884-ACD8-CA0AF11090CC} = {A569A23D-46E2-3884-ACD8-CA0AF11090CC}
	EndProjectSection
EndProject
Project("{8BC9CEB8-8B4A-11D0-8D11-00A0C91BC942}") = "test_quantized_matmul_on_gpu", "tests\test_quantized_matmul_on_gpu.vcxproj", "{9D74EF4E-47B7-3ED7-9177-223B36A05A3D}"
	ProjectSection(ProjectDependencies) = postProject
		{9380AF33-4755-3B63-AB75-031B141AF3F6} = {9380AF33-4755-3B63-AB75-031B141AF3F6}
		{2BA1BCFF-4E54-3FD0-A0BA-D65D0FED134E} = {2BA1BCFF-4E54-3FD0-A0BA-D65D0FED134E}
		{A569A23D-46E2-3884-ACD8-CA0AF11090CC} = {A569A23D-46E2-3884-ACD8-CA0AF11090CC}
	EndProjectSection
EndProject
Project("{8BC9CEB8-8B4A-11D0-8D11-00A0C91BC942}") = "test_tiny_rwkv", "tests\test_tiny_rwkv.vcxproj", "{20B7296D-0C2B-3545-AB5A-DD10CCB9477E}"
	ProjectSection(ProjectDependencies) = postProject
		{9380AF33-4755-3B63-AB75-031B141AF3F6} = {9380AF33-4755-3B63-AB75-031B141AF3F6}
		{2BA1BCFF-4E54-3FD0-A0BA-D65D0FED134E} = {2BA1BCFF-4E54-3FD0-A0BA-D65D0FED134E}
		{A569A23D-46E2-3884-ACD8-CA0AF11090CC} = {A569A23D-46E2-3884-ACD8-CA0AF11090CC}
	EndProjectSection
EndProject
Global
	GlobalSection(SolutionConfigurationPlatforms) = preSolution
		Debug|x64 = Debug|x64
		Release|x64 = Release|x64
		MinSizeRel|x64 = MinSizeRel|x64
		RelWithDebInfo|x64 = RelWithDebInfo|x64
	EndGlobalSection
	GlobalSection(ProjectConfigurationPlatforms) = postSolution
		{8ADD2A0A-8E3B-3107-86A0-C68B623A5ABD}.Debug|x64.ActiveCfg = Debug|x64
		{8ADD2A0A-8E3B-3107-86A0-C68B623A5ABD}.Release|x64.ActiveCfg = Release|x64
		{8ADD2A0A-8E3B-3107-86A0-C68B623A5ABD}.MinSizeRel|x64.ActiveCfg = MinSizeRel|x64
		{8ADD2A0A-8E3B-3107-86A0-C68B623A5ABD}.RelWithDebInfo|x64.ActiveCfg = RelWithDebInfo|x64
		{C587CC73-5119-367E-B341-2C7C8A4FB13D}.Debug|x64.ActiveCfg = Debug|x64
		{C587CC73-5119-367E-B341-2C7C8A4FB13D}.Release|x64.ActiveCfg = Release|x64
		{C587CC73-5119-367E-B341-2C7C8A4FB13D}.MinSizeRel|x64.ActiveCfg = MinSizeRel|x64
		{C587CC73-5119-367E-B341-2C7C8A4FB13D}.RelWithDebInfo|x64.ActiveCfg = RelWithDebInfo|x64
		{9380AF33-4755-3B63-AB75-031B141AF3F6}.Debug|x64.ActiveCfg = Debug|x64
		{9380AF33-4755-3B63-AB75-031B141AF3F6}.Debug|x64.Build.0 = Debug|x64
		{9380AF33-4755-3B63-AB75-031B141AF3F6}.Release|x64.ActiveCfg = Release|x64
		{9380AF33-4755-3B63-AB75-031B141AF3F6}.Release|x64.Build.0 = Release|x64
		{9380AF33-4755-3B63-AB75-031B141AF3F6}.MinSizeRel|x64.ActiveCfg = MinSizeRel|x64
		{9380AF33-4755-3B63-AB75-031B141AF3F6}.MinSizeRel|x64.Build.0 = MinSizeRel|x64
		{9380AF33-4755-3B63-AB75-031B141AF3F6}.RelWithDebInfo|x64.ActiveCfg = RelWithDebInfo|x64
		{9380AF33-4755-3B63-AB75-031B141AF3F6}.RelWithDebInfo|x64.Build.0 = RelWithDebInfo|x64
		{2BA1BCFF-4E54-3FD0-A0BA-D65D0FED134E}.Debug|x64.ActiveCfg = Debug|x64
		{2BA1BCFF-4E54-3FD0-A0BA-D65D0FED134E}.Debug|x64.Build.0 = Debug|x64
		{2BA1BCFF-4E54-3FD0-A0BA-D65D0FED134E}.Release|x64.ActiveCfg = Release|x64
		{2BA1BCFF-4E54-3FD0-A0BA-D65D0FED134E}.Release|x64.Build.0 = Release|x64
		{2BA1BCFF-4E54-3FD0-A0BA-D65D0FED134E}.MinSizeRel|x64.ActiveCfg = MinSizeRel|x64
		{2BA1BCFF-4E54-3FD0-A0BA-D65D0FED134E}.MinSizeRel|x64.Build.0 = MinSizeRel|x64
		{2BA1BCFF-4E54-3FD0-A0BA-D65D0FED134E}.RelWithDebInfo|x64.ActiveCfg = RelWithDebInfo|x64
		{2BA1BCFF-4E54-3FD0-A0BA-D65D0FED134E}.RelWithDebInfo|x64.Build.0 = RelWithDebInfo|x64
		{A569A23D-46E2-3884-ACD8-CA0AF11090CC}.Debug|x64.ActiveCfg = Debug|x64
		{A569A23D-46E2-3884-ACD8-CA0AF11090CC}.Debug|x64.Build.0 = Debug|x64
		{A569A23D-46E2-3884-ACD8-CA0AF11090CC}.Release|x64.ActiveCfg = Release|x64
		{A569A23D-46E2-3884-ACD8-CA0AF11090CC}.Release|x64.Build.0 = Release|x64
		{A569A23D-46E2-3884-ACD8-CA0AF11090CC}.MinSizeRel|x64.ActiveCfg = MinSizeRel|x64
		{A569A23D-46E2-3884-ACD8-CA0AF11090CC}.MinSizeRel|x64.Build.0 = MinSizeRel|x64
		{A569A23D-46E2-3884-ACD8-CA0AF11090CC}.RelWithDebInfo|x64.ActiveCfg = RelWithDebInfo|x64
		{A569A23D-46E2-3884-ACD8-CA0AF11090CC}.RelWithDebInfo|x64.Build.0 = RelWithDebInfo|x64
		{4F94EFDD-35D6-31A8-85E7-84F9CA7576A0}.Debug|x64.ActiveCfg = Debug|x64
		{4F94EFDD-35D6-31A8-85E7-84F9CA7576A0}.Debug|x64.Build.0 = Debug|x64
		{4F94EFDD-35D6-31A8-85E7-84F9CA7576A0}.Release|x64.ActiveCfg = Release|x64
		{4F94EFDD-35D6-31A8-85E7-84F9CA7576A0}.Release|x64.Build.0 = Release|x64
		{4F94EFDD-35D6-31A8-85E7-84F9CA7576A0}.MinSizeRel|x64.ActiveCfg = MinSizeRel|x64
		{4F94EFDD-35D6-31A8-85E7-84F9CA7576A0}.MinSizeRel|x64.Build.0 = MinSizeRel|x64
		{4F94EFDD-35D6-31A8-85E7-84F9CA7576A0}.RelWithDebInfo|x64.ActiveCfg = RelWithDebInfo|x64
		{4F94EFDD-35D6-31A8-85E7-84F9CA7576A0}.RelWithDebInfo|x64.Build.0 = RelWithDebInfo|x64
		{3ABBF419-2E46-3F80-A35C-27BDC3FB44D5}.Debug|x64.ActiveCfg = Debug|x64
		{3ABBF419-2E46-3F80-A35C-27BDC3FB44D5}.Debug|x64.Build.0 = Debug|x64
		{3ABBF419-2E46-3F80-A35C-27BDC3FB44D5}.Release|x64.ActiveCfg = Release|x64
		{3ABBF419-2E46-3F80-A35C-27BDC3FB44D5}.Release|x64.Build.0 = Release|x64
		{3ABBF419-2E46-3F80-A35C-27BDC3FB44D5}.MinSizeRel|x64.ActiveCfg = MinSizeRel|x64
		{3ABBF419-2E46-3F80-A35C-27BDC3FB44D5}.MinSizeRel|x64.Build.0 = MinSizeRel|x64
		{3ABBF419-2E46-3F80-A35C-27BDC3FB44D5}.RelWithDebInfo|x64.ActiveCfg = RelWithDebInfo|x64
		{3ABBF419-2E46-3F80-A35C-27BDC3FB44D5}.RelWithDebInfo|x64.Build.0 = RelWithDebInfo|x64
		{F18BDC07-080C-3459-91BF-D31E18A422E5}.Debug|x64.ActiveCfg = Debug|x64
		{F18BDC07-080C-3459-91BF-D31E18A422E5}.Debug|x64.Build.0 = Debug|x64
		{F18BDC07-080C-3459-91BF-D31E18A422E5}.Release|x64.ActiveCfg = Release|x64
		{F18BDC07-080C-3459-91BF-D31E18A422E5}.Release|x64.Build.0 = Release|x64
		{F18BDC07-080C-3459-91BF-D31E18A422E5}.MinSizeRel|x64.ActiveCfg = MinSizeRel|x64
		{F18BDC07-080C-3459-91BF-D31E18A422E5}.MinSizeRel|x64.Build.0 = MinSizeRel|x64
		{F18BDC07-080C-3459-91BF-D31E18A422E5}.RelWithDebInfo|x64.ActiveCfg = RelWithDebInfo|x64
		{F18BDC07-080C-3459-91BF-D31E18A422E5}.RelWithDebInfo|x64.Build.0 = RelWithDebInfo|x64
		{E88D10D0-9903-31AE-9FDE-6484CD299D5D}.Debug|x64.ActiveCfg = Debug|x64
		{E88D10D0-9903-31AE-9FDE-6484CD299D5D}.Debug|x64.Build.0 = Debug|x64
		{E88D10D0-9903-31AE-9FDE-6484CD299D5D}.Release|x64.ActiveCfg = Release|x64
		{E88D10D0-9903-31AE-9FDE-6484CD299D5D}.Release|x64.Build.0 = Release|x64
		{E88D10D0-9903-31AE-9FDE-6484CD299D5D}.MinSizeRel|x64.ActiveCfg = MinSizeRel|x64
		{E88D10D0-9903-31AE-9FDE-6484CD299D5D}.MinSizeRel|x64.Build.0 = MinSizeRel|x64
		{E88D10D0-9903-31AE-9FDE-6484CD299D5D}.RelWithDebInfo|x64.ActiveCfg = RelWithDebInfo|x64
		{E88D10D0-9903-31AE-9FDE-6484CD299D5D}.RelWithDebInfo|x64.Build.0 = RelWithDebInfo|x64
		{F58BAB3F-B87D-3922-8C86-117E819726B8}.Debug|x64.ActiveCfg = Debug|x64
		{F58BAB3F-B87D-3922-8C86-117E819726B8}.Debug|x64.Build.0 = Debug|x64
		{F58BAB3F-B87D-3922-8C86-117E819726B8}.Release|x64.ActiveCfg = Release|x64
		{F58BAB3F-B87D-3922-8C86-117E819726B8}.Release|x64.Build.0 = Release|x64
		{F58BAB3F-B87D-3922-8C86-117E819726B8}.MinSizeRel|x64.ActiveCfg = MinSizeRel|x64
		{F58BAB3F-B87D-3922-8C86-117E819726B8}.MinSizeRel|x64.Build.0 = MinSizeRel|x64
		{F58BAB3F-B87D-3922-8C86-117E819726B8}.RelWithDebInfo|x64.ActiveCfg = RelWithDebInfo|x64
		{F58BAB3F-B87D-3922-8C86-117E819726B8}.RelWithDebInfo|x64.Build.0 = RelWithDebInfo|x64
		{B009C4C3-D420-3A21-BD50-95177D1F68AD}.Debug|x64.ActiveCfg = Debug|x64
		{B009C4C3-D420-3A21-BD50-95177D1F68AD}.Debug|x64.Build.0 = Debug|x64
		{B009C4C3-D420-3A21-BD50-95177D1F68AD}.Release|x64.ActiveCfg = Release|x64
		{B009C4C3-D420-3A21-BD50-95177D1F68AD}.Release|x64.Build.0 = Release|x64
		{B009C4C3-D420-3A21-BD50-95177D1F68AD}.MinSizeRel|x64.ActiveCfg = MinSizeRel|x64
		{B009C4C3-D420-3A21-BD50-95177D1F68AD}.MinSizeRel|x64.Build.0 = MinSizeRel|x64
		{B009C4C3-D420-3A21-BD50-95177D1F68AD}.RelWithDebInfo|x64.ActiveCfg = RelWithDebInfo|x64
		{B009C4C3-D420-3A21-BD50-95177D1F68AD}.RelWithDebInfo|x64.Build.0 = RelWithDebInfo|x64
		{33E84553-93EE-3C7C-9C5B-5CE79330690E}.Debug|x64.ActiveCfg = Debug|x64
		{33E84553-93EE-3C7C-9C5B-5CE79330690E}.Debug|x64.Build.0 = Debug|x64
		{33E84553-93EE-3C7C-9C5B-5CE79330690E}.Release|x64.ActiveCfg = Release|x64
		{33E84553-93EE-3C7C-9C5B-5CE79330690E}.Release|x64.Build.0 = Release|x64
		{33E84553-93EE-3C7C-9C5B-5CE79330690E}.MinSizeRel|x64.ActiveCfg = MinSizeRel|x64
		{33E84553-93EE-3C7C-9C5B-5CE79330690E}.MinSizeRel|x64.Build.0 = MinSizeRel|x64
		{33E84553-93EE-3C7C-9C5B-5CE79330690E}.RelWithDebInfo|x64.ActiveCfg = RelWithDebInfo|x64
		{33E84553-93EE-3C7C-9C5B-5CE79330690E}.RelWithDebInfo|x64.Build.0 = RelWithDebInfo|x64
		{9D74EF4E-47B7-3ED7-9177-223B36A05A3D}.Debug|x64.ActiveCfg = Debug|x64
		{9D74EF4E-47B7-3ED7-9177-223B36A05A3D}.Debug|x64.Build.0 = Debug|x64
		{9D74EF4E-47B7-3ED7-9177-223B36A05A3D}.Release|x64.ActiveCfg = Release|x64
		{9D74EF4E-47B7-3ED7-9177-223B36A05A3D}.Release|x64.Build.0 = Release|x64
		{9D74EF4E-47B7-3ED7-9177-223B36A05A3D}.MinSizeRel|x64.ActiveCfg = MinSizeRel|x64
		{9D74EF4E-47B7-3ED7-9177-223B36A05A3D}.MinSizeRel|x64.Build.0 = MinSizeRel|x64
		{9D74EF4E-47B7-3ED7-9177-223B36A05A3D}.RelWithDebInfo|x64.ActiveCfg = RelWithDebInfo|x64
		{9D74EF4E-47B7-3ED7-9177-223B36A05A3D}.RelWithDebInfo|x64.Build.0 = RelWithDebInfo|x64
		{20B7296D-0C2B-3545-AB5A-DD10CCB9477E}.Debug|x64.ActiveCfg = Debug|x64
		{20B7296D-0C2B-3545-AB5A-DD10CCB9477E}.Debug|x64.Build.0 = Debug|x64
		{20B7296D-0C2B-3545-AB5A-DD10CCB9477E}.Release|x64.ActiveCfg = Release|x64
		{20B7296D-0C2B-3545-AB5A-DD10CCB9477E}.Release|x64.Build.0 = Release|x64
		{20B7296D-0C2B-3545-AB5A-DD10CCB9477E}.MinSizeRel|x64.ActiveCfg = MinSizeRel|x64
		{20B7296D-0C2B-3545-AB5A-DD10CCB9477E}.MinSizeRel|x64.Build.0 = MinSizeRel|x64
		{20B7296D-0C2B-3545-AB5A-DD10CCB9477E}.RelWithDebInfo|x64.ActiveCfg = RelWithDebInfo|x64
		{20B7296D-0C2B-3545-AB5A-DD10CCB9477E}.RelWithDebInfo|x64.Build.0 = RelWithDebInfo|x64
	EndGlobalSection
	GlobalSection(ExtensibilityGlobals) = postSolution
		SolutionGuid = {77F5FFB3-8510-3D47-9E73-43D97E0C7C02}
	EndGlobalSection
	GlobalSection(ExtensibilityAddIns) = postSolution
	EndGlobalSection
EndGlobal
